
Microsoft Visual Studio Solution File, Format Version 12.00
# Visual Studio Version 17
VisualStudioVersion = 17.13.35825.156 d17.13
MinimumVisualStudioVersion = 10.0.40219.1
Project("{FAE04EC0-301F-11D3-BF4B-00C04F79EFBC}") = "Pineapple.Genetics.api", "Pineapple.Genetics.api\Pineapple.Genetics.api.csproj", "{FA238BA9-7774-4FA4-958A-D9A27A79DF9E}"
EndProject
Global
	GlobalSection(SolutionConfigurationPlatforms) = preSolution
		Debug|Any CPU = Debug|Any CPU
		Release|Any CPU = Release|Any CPU
	EndGlobalSection
	GlobalSection(ProjectConfigurationPlatforms) = postSolution
		{FA238BA9-7774-4FA4-958A-D9A27A79DF9E}.Debug|Any CPU.ActiveCfg = Debug|Any CPU
		{FA238BA9-7774-4FA4-958A-D9A27A79DF9E}.Debug|Any CPU.Build.0 = Debug|Any CPU
		{FA238BA9-7774-4FA4-958A-D9A27A79DF9E}.Release|Any CPU.ActiveCfg = Release|Any CPU
		{FA238BA9-7774-4FA4-958A-D9A27A79DF9E}.Release|Any CPU.Build.0 = Release|Any CPU
	EndGlobalSection
	GlobalSection(SolutionProperties) = preSolution
		HideSolutionNode = FALSE
	EndGlobalSection
	GlobalSection(ExtensibilityGlobals) = postSolution
		SolutionGuid = {3DCB4B89-159D-4BBE-BD65-3ABA6594218D}
	EndGlobalSection
EndGlobal
