
Microsoft Visual Studio Solution File, Format Version 12.00
# Visual Studio Version 17
VisualStudioVersion = 17.13.35825.156
MinimumVisualStudioVersion = 10.0.40219.1
Project("{FAE04EC0-301F-11D3-BF4B-00C04F79EFBC}") = "Pineapple.Genetics.api", "Pineapple.Genetics.api\Pineapple.Genetics.api.csproj", "{FA238BA9-7774-4FA4-958A-D9A27A79DF9E}"
EndProject
Project("{2150E333-8FDC-42A3-9474-1A3956D46DE8}") = "src", "src", "{02EA681E-C7D8-13C7-8484-4AC65E1B71E8}"
EndProject
Project("{FAE04EC0-301F-11D3-BF4B-00C04F79EFBC}") = "Pineapple.Genetics.infrastructure", "Pineapple.Genetics.infrastructure\Pineapple.Genetics.infrastructure.csproj", "{C4B1CD76-E73F-42F7-9560-12E49420A2DC}"
EndProject
Project("{FAE04EC0-301F-11D3-BF4B-00C04F79EFBC}") = "Pineapple.Genetics.domain", "Pineapple.Genetics.domain\Pineapple.Genetics.domain.csproj", "{14B53C43-E04C-44C3-ACAB-C50CDDE94C68}"
EndProject
Global
	GlobalSection(SolutionConfigurationPlatforms) = preSolution
		Debug|Any CPU = Debug|Any CPU
		Release|Any CPU = Release|Any CPU
	EndGlobalSection
	GlobalSection(ProjectConfigurationPlatforms) = postSolution
		{FA238BA9-7774-4FA4-958A-D9A27A79DF9E}.Debug|Any CPU.ActiveCfg = Debug|Any CPU
		{FA238BA9-7774-4FA4-958A-D9A27A79DF9E}.Debug|Any CPU.Build.0 = Debug|Any CPU
		{FA238BA9-7774-4FA4-958A-D9A27A79DF9E}.Release|Any CPU.ActiveCfg = Release|Any CPU
		{FA238BA9-7774-4FA4-958A-D9A27A79DF9E}.Release|Any CPU.Build.0 = Release|Any CPU
		{C4B1CD76-E73F-42F7-9560-12E49420A2DC}.Debug|Any CPU.ActiveCfg = Debug|Any CPU
		{C4B1CD76-E73F-42F7-9560-12E49420A2DC}.Debug|Any CPU.Build.0 = Debug|Any CPU
		{C4B1CD76-E73F-42F7-9560-12E49420A2DC}.Release|Any CPU.ActiveCfg = Release|Any CPU
		{C4B1CD76-E73F-42F7-9560-12E49420A2DC}.Release|Any CPU.Build.0 = Release|Any CPU
		{14B53C43-E04C-44C3-ACAB-C50CDDE94C68}.Debug|Any CPU.ActiveCfg = Debug|Any CPU
		{14B53C43-E04C-44C3-ACAB-C50CDDE94C68}.Debug|Any CPU.Build.0 = Debug|Any CPU
		{14B53C43-E04C-44C3-ACAB-C50CDDE94C68}.Release|Any CPU.ActiveCfg = Release|Any CPU
		{14B53C43-E04C-44C3-ACAB-C50CDDE94C68}.Release|Any CPU.Build.0 = Release|Any CPU
	EndGlobalSection
	GlobalSection(SolutionProperties) = preSolution
		HideSolutionNode = FALSE
	EndGlobalSection
	GlobalSection(NestedProjects) = preSolution
		{FA238BA9-7774-4FA4-958A-D9A27A79DF9E} = {02EA681E-C7D8-13C7-8484-4AC65E1B71E8}
		{C4B1CD76-E73F-42F7-9560-12E49420A2DC} = {02EA681E-C7D8-13C7-8484-4AC65E1B71E8}
		{14B53C43-E04C-44C3-ACAB-C50CDDE94C68} = {02EA681E-C7D8-13C7-8484-4AC65E1B71E8}
	EndGlobalSection
	GlobalSection(ExtensibilityGlobals) = postSolution
		SolutionGuid = {3DCB4B89-159D-4BBE-BD65-3ABA6594218D}
	EndGlobalSection
EndGlobal
